
Microsoft Visual Studio Solution File, Format Version 12.00
# Visual Studio Version 17
VisualStudioVersion = 17.5.002.0
MinimumVisualStudioVersion = 10.0.40219.1
Project("{2150E333-8FDC-42A3-9474-1A3956D46DE8}") = "old", "old", "{C9355496-35A0-4EE4-A518-209A4BB47A21}"
EndProject
Project("{2150E333-8FDC-42A3-9474-1A3956D46DE8}") = "clients-api", "clients-api", "{FEE9E5E1-FC1C-4584-A6F1-F53174A6D70D}"
EndProject
Project("{9A19103F-16F7-4668-BE54-9A1E7A4F7556}") = "ACG.EKS.Bookstore.Clients-API", "old\clients-api\src\ACG.EKS.Bookstore.Clients-API.csproj", "{8FD4B5BC-E670-46E9-B952-21E7FC36BD6E}"
EndProject
Global
	GlobalSection(SolutionConfigurationPlatforms) = preSolution
		Debug|Any CPU = Debug|Any CPU
		Release|Any CPU = Release|Any CPU
	EndGlobalSection
	GlobalSection(ProjectConfigurationPlatforms) = postSolution
		{8FD4B5BC-E670-46E9-B952-21E7FC36BD6E}.Debug|Any CPU.ActiveCfg = Debug|Any CPU
		{8FD4B5BC-E670-46E9-B952-21E7FC36BD6E}.Debug|Any CPU.Build.0 = Debug|Any CPU
		{8FD4B5BC-E670-46E9-B952-21E7FC36BD6E}.Release|Any CPU.ActiveCfg = Release|Any CPU
		{8FD4B5BC-E670-46E9-B952-21E7FC36BD6E}.Release|Any CPU.Build.0 = Release|Any CPU
	EndGlobalSection
	GlobalSection(SolutionProperties) = preSolution
		HideSolutionNode = FALSE
	EndGlobalSection
	GlobalSection(NestedProjects) = preSolution
		{FEE9E5E1-FC1C-4584-A6F1-F53174A6D70D} = {C9355496-35A0-4EE4-A518-209A4BB47A21}
		{8FD4B5BC-E670-46E9-B952-21E7FC36BD6E} = {FEE9E5E1-FC1C-4584-A6F1-F53174A6D70D}
	EndGlobalSection
	GlobalSection(ExtensibilityGlobals) = postSolution
		SolutionGuid = {6B33C6EF-42FB-4749-8EAE-2706D53B0896}
	EndGlobalSection
EndGlobal
