
Microsoft Visual Studio Solution File, Format Version 12.00
# Visual Studio Version 17
VisualStudioVersion = 17.0.31903.59
MinimumVisualStudioVersion = 10.0.40219.1
Project("{FAE04EC0-301F-11D3-BF4B-00C04F79EFBC}") = "ClientsAPI", "ClientsAPI\ClientsAPI.csproj", "{01CF9A60-AF24-4C9C-8435-429F4AA43807}"
EndProject
Project("{FAE04EC0-301F-11D3-BF4B-00C04F79EFBC}") = "InventoryAPI", "InventoryAPI\InventoryAPI.csproj", "{0189DB51-647B-44F4-89DD-96689484815E}"
EndProject
Project("{FAE04EC0-301F-11D3-BF4B-00C04F79EFBC}") = "RentingAPI", "RentingAPI\RentingAPI.csproj", "{03234E29-A2B3-453D-9CA5-CB6E5039E2F0}"
EndProject
Project("{FAE04EC0-301F-11D3-BF4B-00C04F79EFBC}") = "ResourcesAPI", "ResourcesAPI\ResourcesAPI.csproj", "{C9E3AE0D-021E-474E-8E22-B6C0C5A5B9FF}"
EndProject
Global
	GlobalSection(SolutionConfigurationPlatforms) = preSolution
		Debug|Any CPU = Debug|Any CPU
		Release|Any CPU = Release|Any CPU
	EndGlobalSection
	GlobalSection(SolutionProperties) = preSolution
		HideSolutionNode = FALSE
	EndGlobalSection
	GlobalSection(ProjectConfigurationPlatforms) = postSolution
		{01CF9A60-AF24-4C9C-8435-429F4AA43807}.Debug|Any CPU.ActiveCfg = Debug|Any CPU
		{01CF9A60-AF24-4C9C-8435-429F4AA43807}.Debug|Any CPU.Build.0 = Debug|Any CPU
		{01CF9A60-AF24-4C9C-8435-429F4AA43807}.Release|Any CPU.ActiveCfg = Release|Any CPU
		{01CF9A60-AF24-4C9C-8435-429F4AA43807}.Release|Any CPU.Build.0 = Release|Any CPU
		{0189DB51-647B-44F4-89DD-96689484815E}.Debug|Any CPU.ActiveCfg = Debug|Any CPU
		{0189DB51-647B-44F4-89DD-96689484815E}.Debug|Any CPU.Build.0 = Debug|Any CPU
		{0189DB51-647B-44F4-89DD-96689484815E}.Release|Any CPU.ActiveCfg = Release|Any CPU
		{0189DB51-647B-44F4-89DD-96689484815E}.Release|Any CPU.Build.0 = Release|Any CPU
		{03234E29-A2B3-453D-9CA5-CB6E5039E2F0}.Debug|Any CPU.ActiveCfg = Debug|Any CPU
		{03234E29-A2B3-453D-9CA5-CB6E5039E2F0}.Debug|Any CPU.Build.0 = Debug|Any CPU
		{03234E29-A2B3-453D-9CA5-CB6E5039E2F0}.Release|Any CPU.ActiveCfg = Release|Any CPU
		{03234E29-A2B3-453D-9CA5-CB6E5039E2F0}.Release|Any CPU.Build.0 = Release|Any CPU
		{C9E3AE0D-021E-474E-8E22-B6C0C5A5B9FF}.Debug|Any CPU.ActiveCfg = Debug|Any CPU
		{C9E3AE0D-021E-474E-8E22-B6C0C5A5B9FF}.Debug|Any CPU.Build.0 = Debug|Any CPU
		{C9E3AE0D-021E-474E-8E22-B6C0C5A5B9FF}.Release|Any CPU.ActiveCfg = Release|Any CPU
		{C9E3AE0D-021E-474E-8E22-B6C0C5A5B9FF}.Release|Any CPU.Build.0 = Release|Any CPU
	EndGlobalSection
EndGlobal
